// !$*UTF8*$!
{
	archiveVersion = 1;
	classes = {
	};
	objectVersion = 55;
	objects = {

/* Begin PBXBuildFile section */
		B70B2DB52837DC9900A58203 /* AppDelegate.swift in Sources */ = {isa = PBXBuildFile; fileRef = B70B2DB42837DC9900A58203 /* AppDelegate.swift */; };
		B70B2DB72837DC9900A58203 /* SceneDelegate.swift in Sources */ = {isa = PBXBuildFile; fileRef = B70B2DB62837DC9900A58203 /* SceneDelegate.swift */; };
		B70B2DB92837DC9900A58203 /* ViewController.swift in Sources */ = {isa = PBXBuildFile; fileRef = B70B2DB82837DC9900A58203 /* ViewController.swift */; };
		B70B2DBC2837DC9900A58203 /* Main.storyboard in Resources */ = {isa = PBXBuildFile; fileRef = B70B2DBA2837DC9900A58203 /* Main.storyboard */; };
		B70B2DBE2837DC9A00A58203 /* Assets.xcassets in Resources */ = {isa = PBXBuildFile; fileRef = B70B2DBD2837DC9A00A58203 /* Assets.xcassets */; };
		B70B2DC12837DC9A00A58203 /* LaunchScreen.storyboard in Resources */ = {isa = PBXBuildFile; fileRef = B70B2DBF2837DC9A00A58203 /* LaunchScreen.storyboard */; };
		B77D3370283979D400F63CC4 /* E.wav in Resources */ = {isa = PBXBuildFile; fileRef = B77D3369283979D400F63CC4 /* E.wav */; };
		B77D3371283979D400F63CC4 /* B.wav in Resources */ = {isa = PBXBuildFile; fileRef = B77D336A283979D400F63CC4 /* B.wav */; };
		B77D3372283979D400F63CC4 /* D.wav in Resources */ = {isa = PBXBuildFile; fileRef = B77D336B283979D400F63CC4 /* D.wav */; };
		B77D3373283979D400F63CC4 /* G.wav in Resources */ = {isa = PBXBuildFile; fileRef = B77D336C283979D400F63CC4 /* G.wav */; };
		B77D3374283979D400F63CC4 /* A.wav in Resources */ = {isa = PBXBuildFile; fileRef = B77D336D283979D400F63CC4 /* A.wav */; };
		B77D3375283979D400F63CC4 /* F.wav in Resources */ = {isa = PBXBuildFile; fileRef = B77D336E283979D400F63CC4 /* F.wav */; };
		B77D3376283979D400F63CC4 /* C.wav in Resources */ = {isa = PBXBuildFile; fileRef = B77D336F283979D400F63CC4 /* C.wav */; };
/* End PBXBuildFile section */

/* Begin PBXFileReference section */
		B70B2DB12837DC9900A58203 /* Xylophone.app */ = {isa = PBXFileReference; explicitFileType = wrapper.application; includeInIndex = 0; path = Xylophone.app; sourceTree = BUILT_PRODUCTS_DIR; };
		B70B2DB42837DC9900A58203 /* AppDelegate.swift */ = {isa = PBXFileReference; lastKnownFileType = sourcecode.swift; path = AppDelegate.swift; sourceTree = "<group>"; };
		B70B2DB62837DC9900A58203 /* SceneDelegate.swift */ = {isa = PBXFileReference; lastKnownFileType = sourcecode.swift; path = SceneDelegate.swift; sourceTree = "<group>"; };
		B70B2DB82837DC9900A58203 /* ViewController.swift */ = {isa = PBXFileReference; lastKnownFileType = sourcecode.swift; path = ViewController.swift; sourceTree = "<group>"; };
		B70B2DBB2837DC9900A58203 /* Base */ = {isa = PBXFileReference; lastKnownFileType = file.storyboard; name = Base; path = Base.lproj/Main.storyboard; sourceTree = "<group>"; };
		B70B2DBD2837DC9A00A58203 /* Assets.xcassets */ = {isa = PBXFileReference; lastKnownFileType = folder.assetcatalog; path = Assets.xcassets; sourceTree = "<group>"; };
		B70B2DC02837DC9A00A58203 /* Base */ = {isa = PBXFileReference; lastKnownFileType = file.storyboard; name = Base; path = Base.lproj/LaunchScreen.storyboard; sourceTree = "<group>"; };
		B70B2DC22837DC9A00A58203 /* Info.plist */ = {isa = PBXFileReference; lastKnownFileType = text.plist.xml; path = Info.plist; sourceTree = "<group>"; };
		B77D3369283979D400F63CC4 /* E.wav */ = {isa = PBXFileReference; lastKnownFileType = audio.wav; path = E.wav; sourceTree = "<group>"; };
		B77D336A283979D400F63CC4 /* B.wav */ = {isa = PBXFileReference; lastKnownFileType = audio.wav; path = B.wav; sourceTree = "<group>"; };
		B77D336B283979D400F63CC4 /* D.wav */ = {isa = PBXFileReference; lastKnownFileType = audio.wav; path = D.wav; sourceTree = "<group>"; };
		B77D336C283979D400F63CC4 /* G.wav */ = {isa = PBXFileReference; lastKnownFileType = audio.wav; path = G.wav; sourceTree = "<group>"; };
		B77D336D283979D400F63CC4 /* A.wav */ = {isa = PBXFileReference; lastKnownFileType = audio.wav; path = A.wav; sourceTree = "<group>"; };
		B77D336E283979D400F63CC4 /* F.wav */ = {isa = PBXFileReference; lastKnownFileType = audio.wav; path = F.wav; sourceTree = "<group>"; };
		B77D336F283979D400F63CC4 /* C.wav */ = {isa = PBXFileReference; lastKnownFileType = audio.wav; path = C.wav; sourceTree = "<group>"; };
/* End PBXFileReference section */

/* Begin PBXFrameworksBuildPhase section */
		B70B2DAE2837DC9900A58203 /* Frameworks */ = {
			isa = PBXFrameworksBuildPhase;
			buildActionMask = 2147483647;
			files = (
			);
			runOnlyForDeploymentPostprocessing = 0;
		};
/* End PBXFrameworksBuildPhase section */

/* Begin PBXGroup section */
		B70B2DA82837DC9900A58203 = {
			isa = PBXGroup;
			children = (
				B70B2DB32837DC9900A58203 /* Xylophone */,
				B70B2DB22837DC9900A58203 /* Products */,
			);
			sourceTree = "<group>";
		};
		B70B2DB22837DC9900A58203 /* Products */ = {
			isa = PBXGroup;
			children = (
				B70B2DB12837DC9900A58203 /* Xylophone.app */,
			);
			name = Products;
			sourceTree = "<group>";
		};
		B70B2DB32837DC9900A58203 /* Xylophone */ = {
			isa = PBXGroup;
			children = (
				B70B2DB42837DC9900A58203 /* AppDelegate.swift */,
				B70B2DB62837DC9900A58203 /* SceneDelegate.swift */,
				B70B2DB82837DC9900A58203 /* ViewController.swift */,
				B70B2DBA2837DC9900A58203 /* Main.storyboard */,
				B70B2DBD2837DC9A00A58203 /* Assets.xcassets */,
				B70B2DBF2837DC9A00A58203 /* LaunchScreen.storyboard */,
				B70B2DC22837DC9A00A58203 /* Info.plist */,
				B77D3377283979E400F63CC4 /* Sounds */,
			);
			path = Xylophone;
			sourceTree = "<group>";
		};
		B77D3377283979E400F63CC4 /* Sounds */ = {
			isa = PBXGroup;
			children = (
				B77D336D283979D400F63CC4 /* A.wav */,
				B77D336A283979D400F63CC4 /* B.wav */,
				B77D336F283979D400F63CC4 /* C.wav */,
				B77D336B283979D400F63CC4 /* D.wav */,
				B77D3369283979D400F63CC4 /* E.wav */,
				B77D336E283979D400F63CC4 /* F.wav */,
				B77D336C283979D400F63CC4 /* G.wav */,
			);
			path = Sounds;
			sourceTree = "<group>";
		};
/* End PBXGroup section */

/* Begin PBXNativeTarget section */
		B70B2DB02837DC9900A58203 /* Xylophone */ = {
			isa = PBXNativeTarget;
			buildConfigurationList = B70B2DC52837DC9A00A58203 /* Build configuration list for PBXNativeTarget "Xylophone" */;
			buildPhases = (
				B70B2DAD2837DC9900A58203 /* Sources */,
				B70B2DAE2837DC9900A58203 /* Frameworks */,
				B70B2DAF2837DC9900A58203 /* Resources */,
			);
			buildRules = (
			);
			dependencies = (
			);
			name = Xylophone;
			productName = Xylophone;
			productReference = B70B2DB12837DC9900A58203 /* Xylophone.app */;
			productType = "com.apple.product-type.application";
		};
/* End PBXNativeTarget section */

/* Begin PBXProject section */
		B70B2DA92837DC9900A58203 /* Project object */ = {
			isa = PBXProject;
			attributes = {
				BuildIndependentTargetsInParallel = 1;
				LastSwiftUpdateCheck = 1330;
				LastUpgradeCheck = 1330;
				TargetAttributes = {
					B70B2DB02837DC9900A58203 = {
						CreatedOnToolsVersion = 13.3.1;
					};
				};
			};
			buildConfigurationList = B70B2DAC2837DC9900A58203 /* Build configuration list for PBXProject "Xylophone" */;
			compatibilityVersion = "Xcode 13.0";
			developmentRegion = en;
			hasScannedForEncodings = 0;
			knownRegions = (
				en,
				Base,
			);
			mainGroup = B70B2DA82837DC9900A58203;
			productRefGroup = B70B2DB22837DC9900A58203 /* Products */;
			projectDirPath = "";
			projectRoot = "";
			targets = (
				B70B2DB02837DC9900A58203 /* Xylophone */,
			);
		};
/* End PBXProject section */

/* Begin PBXResourcesBuildPhase section */
		B70B2DAF2837DC9900A58203 /* Resources */ = {
			isa = PBXResourcesBuildPhase;
			buildActionMask = 2147483647;
			files = (
				B70B2DC12837DC9A00A58203 /* LaunchScreen.storyboard in Resources */,
				B77D3371283979D400F63CC4 /* B.wav in Resources */,
				B77D3374283979D400F63CC4 /* A.wav in Resources */,
				B77D3375283979D400F63CC4 /* F.wav in Resources */,
				B77D3376283979D400F63CC4 /* C.wav in Resources */,
				B70B2DBE2837DC9A00A58203 /* Assets.xcassets in Resources */,
				B77D3372283979D400F63CC4 /* D.wav in Resources */,
				B77D3373283979D400F63CC4 /* G.wav in Resources */,
				B77D3370283979D400F63CC4 /* E.wav in Resources */,
				B70B2DBC2837DC9900A58203 /* Main.storyboard in Resources */,
			);
			runOnlyForDeploymentPostprocessing = 0;
		};
/* End PBXResourcesBuildPhase section */

/* Begin PBXSourcesBuildPhase section */
		B70B2DAD2837DC9900A58203 /* Sources */ = {
			isa = PBXSourcesBuildPhase;
			buildActionMask = 2147483647;
			files = (
				B70B2DB92837DC9900A58203 /* ViewController.swift in Sources */,
				B70B2DB52837DC9900A58203 /* AppDelegate.swift in Sources */,
				B70B2DB72837DC9900A58203 /* SceneDelegate.swift in Sources */,
			);
			runOnlyForDeploymentPostprocessing = 0;
		};
/* End PBXSourcesBuildPhase section */

/* Begin PBXVariantGroup section */
		B70B2DBA2837DC9900A58203 /* Main.storyboard */ = {
			isa = PBXVariantGroup;
			children = (
				B70B2DBB2837DC9900A58203 /* Base */,
			);
			name = Main.storyboard;
			sourceTree = "<group>";
		};
		B70B2DBF2837DC9A00A58203 /* LaunchScreen.storyboard */ = {
			isa = PBXVariantGroup;
			children = (
				B70B2DC02837DC9A00A58203 /* Base */,
			);
			name = LaunchScreen.storyboard;
			sourceTree = "<group>";
		};
/* End PBXVariantGroup section */

/* Begin XCBuildConfiguration section */
		B70B2DC32837DC9A00A58203 /* Debug */ = {
			isa = XCBuildConfiguration;
			buildSettings = {
				ALWAYS_SEARCH_USER_PATHS = NO;
				CLANG_ANALYZER_NONNULL = YES;
				CLANG_ANALYZER_NUMBER_OBJECT_CONVERSION = YES_AGGRESSIVE;
				CLANG_CXX_LANGUAGE_STANDARD = "gnu++17";
				CLANG_ENABLE_MODULES = YES;
				CLANG_ENABLE_OBJC_ARC = YES;
				CLANG_ENABLE_OBJC_WEAK = YES;
				CLANG_WARN_BLOCK_CAPTURE_AUTORELEASING = YES;
				CLANG_WARN_BOOL_CONVERSION = YES;
				CLANG_WARN_COMMA = YES;
				CLANG_WARN_CONSTANT_CONVERSION = YES;
				CLANG_WARN_DEPRECATED_OBJC_IMPLEMENTATIONS = YES;
				CLANG_WARN_DIRECT_OBJC_ISA_USAGE = YES_ERROR;
				CLANG_WARN_DOCUMENTATION_COMMENTS = YES;
				CLANG_WARN_EMPTY_BODY = YES;
				CLANG_WARN_ENUM_CONVERSION = YES;
				CLANG_WARN_INFINITE_RECURSION = YES;
				CLANG_WARN_INT_CONVERSION = YES;
				CLANG_WARN_NON_LITERAL_NULL_CONVERSION = YES;
				CLANG_WARN_OBJC_IMPLICIT_RETAIN_SELF = YES;
				CLANG_WARN_OBJC_LITERAL_CONVERSION = YES;
				CLANG_WARN_OBJC_ROOT_CLASS = YES_ERROR;
				CLANG_WARN_QUOTED_INCLUDE_IN_FRAMEWORK_HEADER = YES;
				CLANG_WARN_RANGE_LOOP_ANALYSIS = YES;
				CLANG_WARN_STRICT_PROTOTYPES = YES;
				CLANG_WARN_SUSPICIOUS_MOVE = YES;
				CLANG_WARN_UNGUARDED_AVAILABILITY = YES_AGGRESSIVE;
				CLANG_WARN_UNREACHABLE_CODE = YES;
				CLANG_WARN__DUPLICATE_METHOD_MATCH = YES;
				COPY_PHASE_STRIP = NO;
				DEBUG_INFORMATION_FORMAT = dwarf;
				ENABLE_STRICT_OBJC_MSGSEND = YES;
				ENABLE_TESTABILITY = YES;
				GCC_C_LANGUAGE_STANDARD = gnu11;
				GCC_DYNAMIC_NO_PIC = NO;
				GCC_NO_COMMON_BLOCKS = YES;
				GCC_OPTIMIZATION_LEVEL = 0;
				GCC_PREPROCESSOR_DEFINITIONS = (
					"DEBUG=1",
					"$(inherited)",
				);
				GCC_WARN_64_TO_32_BIT_CONVERSION = YES;
				GCC_WARN_ABOUT_RETURN_TYPE = YES_ERROR;
				GCC_WARN_UNDECLARED_SELECTOR = YES;
				GCC_WARN_UNINITIALIZED_AUTOS = YES_AGGRESSIVE;
				GCC_WARN_UNUSED_FUNCTION = YES;
				GCC_WARN_UNUSED_VARIABLE = YES;
				IPHONEOS_DEPLOYMENT_TARGET = 15.4;
				MTL_ENABLE_DEBUG_INFO = INCLUDE_SOURCE;
				MTL_FAST_MATH = YES;
				ONLY_ACTIVE_ARCH = YES;
				SDKROOT = iphoneos;
				SWIFT_ACTIVE_COMPILATION_CONDITIONS = DEBUG;
				SWIFT_OPTIMIZATION_LEVEL = "-Onone";
			};
			name = Debug;
		};
		B70B2DC42837DC9A00A58203 /* Release */ = {
			isa = XCBuildConfiguration;
			buildSettings = {
				ALWAYS_SEARCH_USER_PATHS = NO;
				CLANG_ANALYZER_NONNULL = YES;
				CLANG_ANALYZER_NUMBER_OBJECT_CONVERSION = YES_AGGRESSIVE;
				CLANG_CXX_LANGUAGE_STANDARD = "gnu++17";
				CLANG_ENABLE_MODULES = YES;
				CLANG_ENABLE_OBJC_ARC = YES;
				CLANG_ENABLE_OBJC_WEAK = YES;
				CLANG_WARN_BLOCK_CAPTURE_AUTORELEASING = YES;
				CLANG_WARN_BOOL_CONVERSION = YES;
				CLANG_WARN_COMMA = YES;
				CLANG_WARN_CONSTANT_CONVERSION = YES;
				CLANG_WARN_DEPRECATED_OBJC_IMPLEMENTATIONS = YES;
				CLANG_WARN_DIRECT_OBJC_ISA_USAGE = YES_ERROR;
				CLANG_WARN_DOCUMENTATION_COMMENTS = YES;
				CLANG_WARN_EMPTY_BODY = YES;
				CLANG_WARN_ENUM_CONVERSION = YES;
				CLANG_WARN_INFINITE_RECURSION = YES;
				CLANG_WARN_INT_CONVERSION = YES;
				CLANG_WARN_NON_LITERAL_NULL_CONVERSION = YES;
				CLANG_WARN_OBJC_IMPLICIT_RETAIN_SELF = YES;
				CLANG_WARN_OBJC_LITERAL_CONVERSION = YES;
				CLANG_WARN_OBJC_ROOT_CLASS = YES_ERROR;
				CLANG_WARN_QUOTED_INCLUDE_IN_FRAMEWORK_HEADER = YES;
				CLANG_WARN_RANGE_LOOP_ANALYSIS = YES;
				CLANG_WARN_STRICT_PROTOTYPES = YES;
				CLANG_WARN_SUSPICIOUS_MOVE = YES;
				CLANG_WARN_UNGUARDED_AVAILABILITY = YES_AGGRESSIVE;
				CLANG_WARN_UNREACHABLE_CODE = YES;
				CLANG_WARN__DUPLICATE_METHOD_MATCH = YES;
				COPY_PHASE_STRIP = NO;
				DEBUG_INFORMATION_FORMAT = "dwarf-with-dsym";
				ENABLE_NS_ASSERTIONS = NO;
				ENABLE_STRICT_OBJC_MSGSEND = YES;
				GCC_C_LANGUAGE_STANDARD = gnu11;
				GCC_NO_COMMON_BLOCKS = YES;
				GCC_WARN_64_TO_32_BIT_CONVERSION = YES;
				GCC_WARN_ABOUT_RETURN_TYPE = YES_ERROR;
				GCC_WARN_UNDECLARED_SELECTOR = YES;
				GCC_WARN_UNINITIALIZED_AUTOS = YES_AGGRESSIVE;
				GCC_WARN_UNUSED_FUNCTION = YES;
				GCC_WARN_UNUSED_VARIABLE = YES;
				IPHONEOS_DEPLOYMENT_TARGET = 15.4;
				MTL_ENABLE_DEBUG_INFO = NO;
				MTL_FAST_MATH = YES;
				SDKROOT = iphoneos;
				SWIFT_COMPILATION_MODE = wholemodule;
				SWIFT_OPTIMIZATION_LEVEL = "-O";
				VALIDATE_PRODUCT = YES;
			};
			name = Release;
		};
		B70B2DC62837DC9A00A58203 /* Debug */ = {
			isa = XCBuildConfiguration;
			buildSettings = {
				ASSETCATALOG_COMPILER_APPICON_NAME = AppIcon;
				ASSETCATALOG_COMPILER_GLOBAL_ACCENT_COLOR_NAME = AccentColor;
				CODE_SIGN_STYLE = Automatic;
				CURRENT_PROJECT_VERSION = 1;
				DEVELOPMENT_TEAM = SG535XK83Z;
				GENERATE_INFOPLIST_FILE = YES;
				INFOPLIST_FILE = Xylophone/Info.plist;
				INFOPLIST_KEY_UIApplicationSupportsIndirectInputEvents = YES;
				INFOPLIST_KEY_UILaunchStoryboardName = LaunchScreen;
				INFOPLIST_KEY_UIMainStoryboardFile = Main;
				INFOPLIST_KEY_UISupportedInterfaceOrientations_iPad = "UIInterfaceOrientationPortrait UIInterfaceOrientationPortraitUpsideDown UIInterfaceOrientationLandscapeLeft UIInterfaceOrientationLandscapeRight";
				INFOPLIST_KEY_UISupportedInterfaceOrientations_iPhone = "UIInterfaceOrientationPortrait UIInterfaceOrientationLandscapeLeft UIInterfaceOrientationLandscapeRight";
				LD_RUNPATH_SEARCH_PATHS = (
					"$(inherited)",
					"@executable_path/Frameworks",
				);
				MARKETING_VERSION = 1.0;
				PRODUCT_BUNDLE_IDENTIFIER = inGM.Xylophone;
				PRODUCT_NAME = "$(TARGET_NAME)";
				SWIFT_EMIT_LOC_STRINGS = YES;
				SWIFT_VERSION = 5.0;
				TARGETED_DEVICE_FAMILY = "1,2";
			};
			name = Debug;
		};
		B70B2DC72837DC9A00A58203 /* Release */ = {
			isa = XCBuildConfiguration;
			buildSettings = {
				ASSETCATALOG_COMPILER_APPICON_NAME = AppIcon;
				ASSETCATALOG_COMPILER_GLOBAL_ACCENT_COLOR_NAME = AccentColor;
				CODE_SIGN_STYLE = Automatic;
				CURRENT_PROJECT_VERSION = 1;
				DEVELOPMENT_TEAM = SG535XK83Z;
				GENERATE_INFOPLIST_FILE = YES;
				INFOPLIST_FILE = Xylophone/Info.plist;
				INFOPLIST_KEY_UIApplicationSupportsIndirectInputEvents = YES;
				INFOPLIST_KEY_UILaunchStoryboardName = LaunchScreen;
				INFOPLIST_KEY_UIMainStoryboardFile = Main;
				INFOPLIST_KEY_UISupportedInterfaceOrientations_iPad = "UIInterfaceOrientationPortrait UIInterfaceOrientationPortraitUpsideDown UIInterfaceOrientationLandscapeLeft UIInterfaceOrientationLandscapeRight";
				INFOPLIST_KEY_UISupportedInterfaceOrientations_iPhone = "UIInterfaceOrientationPortrait UIInterfaceOrientationLandscapeLeft UIInterfaceOrientationLandscapeRight";
				LD_RUNPATH_SEARCH_PATHS = (
					"$(inherited)",
					"@executable_path/Frameworks",
				);
				MARKETING_VERSION = 1.0;
				PRODUCT_BUNDLE_IDENTIFIER = inGM.Xylophone;
				PRODUCT_NAME = "$(TARGET_NAME)";
				SWIFT_EMIT_LOC_STRINGS = YES;
				SWIFT_VERSION = 5.0;
				TARGETED_DEVICE_FAMILY = "1,2";
			};
			name = Release;
		};
/* End XCBuildConfiguration section */

/* Begin XCConfigurationList section */
		B70B2DAC2837DC9900A58203 /* Build configuration list for PBXProject "Xylophone" */ = {
			isa = XCConfigurationList;
			buildConfigurations = (
				B70B2DC32837DC9A00A58203 /* Debug */,
				B70B2DC42837DC9A00A58203 /* Release */,
			);
			defaultConfigurationIsVisible = 0;
			defaultConfigurationName = Release;
		};
		B70B2DC52837DC9A00A58203 /* Build configuration list for PBXNativeTarget "Xylophone" */ = {
			isa = XCConfigurationList;
			buildConfigurations = (
				B70B2DC62837DC9A00A58203 /* Debug */,
				B70B2DC72837DC9A00A58203 /* Release */,
			);
			defaultConfigurationIsVisible = 0;
			defaultConfigurationName = Release;
		};
/* End XCConfigurationList section */
	};
	rootObject = B70B2DA92837DC9900A58203 /* Project object */;
}
